
Microsoft Visual Studio Solution File, Format Version 12.00
# Visual Studio 15
VisualStudioVersion = 15.0.27130.2020
MinimumVisualStudioVersion = 10.0.40219.1
Project("{FAE04EC0-301F-11D3-BF4B-00C04F79EFBC}") = "RandomList.Android", "RandomList.Android\RandomList.Android.csproj", "{39471347-4A6D-4668-93E2-2BFF00DA9132}"
EndProject
Project("{9A19103F-16F7-4668-BE54-9A1E7A4F7556}") = "RandomList", "RandomList\RandomList.csproj", "{273F191C-8211-405C-A320-6CA980DAC376}"
EndProject
Project("{FAE04EC0-301F-11D3-BF4B-00C04F79EFBC}") = "RandomList.iOS", "RandomList.iOS\RandomList.iOS.csproj", "{5E74F640-4AB2-45EB-832D-2FFC0CF200C0}"
EndProject
Project("{9A19103F-16F7-4668-BE54-9A1E7A4F7556}") = "RandomList.Tests", "RandomList.Tests\RandomList.Tests.csproj", "{B1362C18-7312-4042-9990-38D3413EF8DC}"
EndProject
Global
	GlobalSection(SolutionConfigurationPlatforms) = preSolution
		Ad-Hoc|Any CPU = Ad-Hoc|Any CPU
		Ad-Hoc|iPhone = Ad-Hoc|iPhone
		Ad-Hoc|iPhoneSimulator = Ad-Hoc|iPhoneSimulator
		AppStore|Any CPU = AppStore|Any CPU
		AppStore|iPhone = AppStore|iPhone
		AppStore|iPhoneSimulator = AppStore|iPhoneSimulator
		Debug|Any CPU = Debug|Any CPU
		Debug|iPhone = Debug|iPhone
		Debug|iPhoneSimulator = Debug|iPhoneSimulator
		Release|Any CPU = Release|Any CPU
		Release|iPhone = Release|iPhone
		Release|iPhoneSimulator = Release|iPhoneSimulator
	EndGlobalSection
	GlobalSection(ProjectConfigurationPlatforms) = postSolution
		{39471347-4A6D-4668-93E2-2BFF00DA9132}.Ad-Hoc|Any CPU.ActiveCfg = Release|Any CPU
		{39471347-4A6D-4668-93E2-2BFF00DA9132}.Ad-Hoc|Any CPU.Build.0 = Release|Any CPU
		{39471347-4A6D-4668-93E2-2BFF00DA9132}.Ad-Hoc|Any CPU.Deploy.0 = Release|Any CPU
		{39471347-4A6D-4668-93E2-2BFF00DA9132}.Ad-Hoc|iPhone.ActiveCfg = Release|Any CPU
		{39471347-4A6D-4668-93E2-2BFF00DA9132}.Ad-Hoc|iPhone.Build.0 = Release|Any CPU
		{39471347-4A6D-4668-93E2-2BFF00DA9132}.Ad-Hoc|iPhone.Deploy.0 = Release|Any CPU
		{39471347-4A6D-4668-93E2-2BFF00DA9132}.Ad-Hoc|iPhoneSimulator.ActiveCfg = Release|Any CPU
		{39471347-4A6D-4668-93E2-2BFF00DA9132}.Ad-Hoc|iPhoneSimulator.Build.0 = Release|Any CPU
		{39471347-4A6D-4668-93E2-2BFF00DA9132}.Ad-Hoc|iPhoneSimulator.Deploy.0 = Release|Any CPU
		{39471347-4A6D-4668-93E2-2BFF00DA9132}.AppStore|Any CPU.ActiveCfg = Release|Any CPU
		{39471347-4A6D-4668-93E2-2BFF00DA9132}.AppStore|Any CPU.Build.0 = Release|Any CPU
		{39471347-4A6D-4668-93E2-2BFF00DA9132}.AppStore|Any CPU.Deploy.0 = Release|Any CPU
		{39471347-4A6D-4668-93E2-2BFF00DA9132}.AppStore|iPhone.ActiveCfg = Release|Any CPU
		{39471347-4A6D-4668-93E2-2BFF00DA9132}.AppStore|iPhone.Build.0 = Release|Any CPU
		{39471347-4A6D-4668-93E2-2BFF00DA9132}.AppStore|iPhone.Deploy.0 = Release|Any CPU
		{39471347-4A6D-4668-93E2-2BFF00DA9132}.AppStore|iPhoneSimulator.ActiveCfg = Release|Any CPU
		{39471347-4A6D-4668-93E2-2BFF00DA9132}.AppStore|iPhoneSimulator.Build.0 = Release|Any CPU
		{39471347-4A6D-4668-93E2-2BFF00DA9132}.AppStore|iPhoneSimulator.Deploy.0 = Release|Any CPU
		{39471347-4A6D-4668-93E2-2BFF00DA9132}.Debug|Any CPU.ActiveCfg = Debug|Any CPU
		{39471347-4A6D-4668-93E2-2BFF00DA9132}.Debug|Any CPU.Build.0 = Debug|Any CPU
		{39471347-4A6D-4668-93E2-2BFF00DA9132}.Debug|Any CPU.Deploy.0 = Debug|Any CPU
		{39471347-4A6D-4668-93E2-2BFF00DA9132}.Debug|iPhone.ActiveCfg = Debug|Any CPU
		{39471347-4A6D-4668-93E2-2BFF00DA9132}.Debug|iPhone.Build.0 = Debug|Any CPU
		{39471347-4A6D-4668-93E2-2BFF00DA9132}.Debug|iPhone.Deploy.0 = Debug|Any CPU
		{39471347-4A6D-4668-93E2-2BFF00DA9132}.Debug|iPhoneSimulator.ActiveCfg = Debug|Any CPU
		{39471347-4A6D-4668-93E2-2BFF00DA9132}.Debug|iPhoneSimulator.Build.0 = Debug|Any CPU
		{39471347-4A6D-4668-93E2-2BFF00DA9132}.Debug|iPhoneSimulator.Deploy.0 = Debug|Any CPU
		{39471347-4A6D-4668-93E2-2BFF00DA9132}.Release|Any CPU.ActiveCfg = Release|Any CPU
		{39471347-4A6D-4668-93E2-2BFF00DA9132}.Release|Any CPU.Build.0 = Release|Any CPU
		{39471347-4A6D-4668-93E2-2BFF00DA9132}.Release|Any CPU.Deploy.0 = Release|Any CPU
		{39471347-4A6D-4668-93E2-2BFF00DA9132}.Release|iPhone.ActiveCfg = Release|Any CPU
		{39471347-4A6D-4668-93E2-2BFF00DA9132}.Release|iPhone.Build.0 = Release|Any CPU
		{39471347-4A6D-4668-93E2-2BFF00DA9132}.Release|iPhone.Deploy.0 = Release|Any CPU
		{39471347-4A6D-4668-93E2-2BFF00DA9132}.Release|iPhoneSimulator.ActiveCfg = Release|Any CPU
		{39471347-4A6D-4668-93E2-2BFF00DA9132}.Release|iPhoneSimulator.Build.0 = Release|Any CPU
		{39471347-4A6D-4668-93E2-2BFF00DA9132}.Release|iPhoneSimulator.Deploy.0 = Release|Any CPU
		{273F191C-8211-405C-A320-6CA980DAC376}.Ad-Hoc|Any CPU.ActiveCfg = Debug|Any CPU
		{273F191C-8211-405C-A320-6CA980DAC376}.Ad-Hoc|Any CPU.Build.0 = Debug|Any CPU
		{273F191C-8211-405C-A320-6CA980DAC376}.Ad-Hoc|iPhone.ActiveCfg = Debug|Any CPU
		{273F191C-8211-405C-A320-6CA980DAC376}.Ad-Hoc|iPhone.Build.0 = Debug|Any CPU
		{273F191C-8211-405C-A320-6CA980DAC376}.Ad-Hoc|iPhoneSimulator.ActiveCfg = Debug|Any CPU
		{273F191C-8211-405C-A320-6CA980DAC376}.Ad-Hoc|iPhoneSimulator.Build.0 = Debug|Any CPU
		{273F191C-8211-405C-A320-6CA980DAC376}.AppStore|Any CPU.ActiveCfg = Debug|Any CPU
		{273F191C-8211-405C-A320-6CA980DAC376}.AppStore|Any CPU.Build.0 = Debug|Any CPU
		{273F191C-8211-405C-A320-6CA980DAC376}.AppStore|iPhone.ActiveCfg = Debug|Any CPU
		{273F191C-8211-405C-A320-6CA980DAC376}.AppStore|iPhone.Build.0 = Debug|Any CPU
		{273F191C-8211-405C-A320-6CA980DAC376}.AppStore|iPhoneSimulator.ActiveCfg = Debug|Any CPU
		{273F191C-8211-405C-A320-6CA980DAC376}.AppStore|iPhoneSimulator.Build.0 = Debug|Any CPU
		{273F191C-8211-405C-A320-6CA980DAC376}.Debug|Any CPU.ActiveCfg = Debug|Any CPU
		{273F191C-8211-405C-A320-6CA980DAC376}.Debug|Any CPU.Build.0 = Debug|Any CPU
		{273F191C-8211-405C-A320-6CA980DAC376}.Debug|iPhone.ActiveCfg = Debug|Any CPU
		{273F191C-8211-405C-A320-6CA980DAC376}.Debug|iPhone.Build.0 = Debug|Any CPU
		{273F191C-8211-405C-A320-6CA980DAC376}.Debug|iPhoneSimulator.ActiveCfg = Debug|Any CPU
		{273F191C-8211-405C-A320-6CA980DAC376}.Debug|iPhoneSimulator.Build.0 = Debug|Any CPU
		{273F191C-8211-405C-A320-6CA980DAC376}.Release|Any CPU.ActiveCfg = Release|Any CPU
		{273F191C-8211-405C-A320-6CA980DAC376}.Release|Any CPU.Build.0 = Release|Any CPU
		{273F191C-8211-405C-A320-6CA980DAC376}.Release|iPhone.ActiveCfg = Release|Any CPU
		{273F191C-8211-405C-A320-6CA980DAC376}.Release|iPhone.Build.0 = Release|Any CPU
		{273F191C-8211-405C-A320-6CA980DAC376}.Release|iPhoneSimulator.ActiveCfg = Release|Any CPU
		{273F191C-8211-405C-A320-6CA980DAC376}.Release|iPhoneSimulator.Build.0 = Release|Any CPU
		{5E74F640-4AB2-45EB-832D-2FFC0CF200C0}.Ad-Hoc|Any CPU.ActiveCfg = Ad-Hoc|iPhone
		{5E74F640-4AB2-45EB-832D-2FFC0CF200C0}.Ad-Hoc|iPhone.ActiveCfg = Ad-Hoc|iPhone
		{5E74F640-4AB2-45EB-832D-2FFC0CF200C0}.Ad-Hoc|iPhone.Build.0 = Ad-Hoc|iPhone
		{5E74F640-4AB2-45EB-832D-2FFC0CF200C0}.Ad-Hoc|iPhoneSimulator.ActiveCfg = Ad-Hoc|iPhoneSimulator
		{5E74F640-4AB2-45EB-832D-2FFC0CF200C0}.Ad-Hoc|iPhoneSimulator.Build.0 = Ad-Hoc|iPhoneSimulator
		{5E74F640-4AB2-45EB-832D-2FFC0CF200C0}.AppStore|Any CPU.ActiveCfg = AppStore|iPhone
		{5E74F640-4AB2-45EB-832D-2FFC0CF200C0}.AppStore|iPhone.ActiveCfg = AppStore|iPhone
		{5E74F640-4AB2-45EB-832D-2FFC0CF200C0}.AppStore|iPhone.Build.0 = AppStore|iPhone
		{5E74F640-4AB2-45EB-832D-2FFC0CF200C0}.AppStore|iPhoneSimulator.ActiveCfg = AppStore|iPhoneSimulator
		{5E74F640-4AB2-45EB-832D-2FFC0CF200C0}.AppStore|iPhoneSimulator.Build.0 = AppStore|iPhoneSimulator
		{5E74F640-4AB2-45EB-832D-2FFC0CF200C0}.Debug|Any CPU.ActiveCfg = Debug|iPhone
		{5E74F640-4AB2-45EB-832D-2FFC0CF200C0}.Debug|iPhone.ActiveCfg = Debug|iPhone
		{5E74F640-4AB2-45EB-832D-2FFC0CF200C0}.Debug|iPhone.Build.0 = Debug|iPhone
		{5E74F640-4AB2-45EB-832D-2FFC0CF200C0}.Debug|iPhoneSimulator.ActiveCfg = Debug|iPhoneSimulator
		{5E74F640-4AB2-45EB-832D-2FFC0CF200C0}.Debug|iPhoneSimulator.Build.0 = Debug|iPhoneSimulator
		{5E74F640-4AB2-45EB-832D-2FFC0CF200C0}.Release|Any CPU.ActiveCfg = Release|iPhone
		{5E74F640-4AB2-45EB-832D-2FFC0CF200C0}.Release|iPhone.ActiveCfg = Release|iPhone
		{5E74F640-4AB2-45EB-832D-2FFC0CF200C0}.Release|iPhone.Build.0 = Release|iPhone
		{5E74F640-4AB2-45EB-832D-2FFC0CF200C0}.Release|iPhoneSimulator.ActiveCfg = Release|iPhoneSimulator
		{5E74F640-4AB2-45EB-832D-2FFC0CF200C0}.Release|iPhoneSimulator.Build.0 = Release|iPhoneSimulator
		{B1362C18-7312-4042-9990-38D3413EF8DC}.Ad-Hoc|Any CPU.ActiveCfg = Debug|Any CPU
		{B1362C18-7312-4042-9990-38D3413EF8DC}.Ad-Hoc|Any CPU.Build.0 = Debug|Any CPU
		{B1362C18-7312-4042-9990-38D3413EF8DC}.Ad-Hoc|iPhone.ActiveCfg = Debug|Any CPU
		{B1362C18-7312-4042-9990-38D3413EF8DC}.Ad-Hoc|iPhone.Build.0 = Debug|Any CPU
		{B1362C18-7312-4042-9990-38D3413EF8DC}.Ad-Hoc|iPhoneSimulator.ActiveCfg = Debug|Any CPU
		{B1362C18-7312-4042-9990-38D3413EF8DC}.Ad-Hoc|iPhoneSimulator.Build.0 = Debug|Any CPU
		{B1362C18-7312-4042-9990-38D3413EF8DC}.AppStore|Any CPU.ActiveCfg = Debug|Any CPU
		{B1362C18-7312-4042-9990-38D3413EF8DC}.AppStore|Any CPU.Build.0 = Debug|Any CPU
		{B1362C18-7312-4042-9990-38D3413EF8DC}.AppStore|iPhone.ActiveCfg = Debug|Any CPU
		{B1362C18-7312-4042-9990-38D3413EF8DC}.AppStore|iPhone.Build.0 = Debug|Any CPU
		{B1362C18-7312-4042-9990-38D3413EF8DC}.AppStore|iPhoneSimulator.ActiveCfg = Debug|Any CPU
		{B1362C18-7312-4042-9990-38D3413EF8DC}.AppStore|iPhoneSimulator.Build.0 = Debug|Any CPU
		{B1362C18-7312-4042-9990-38D3413EF8DC}.Debug|Any CPU.ActiveCfg = Debug|Any CPU
		{B1362C18-7312-4042-9990-38D3413EF8DC}.Debug|Any CPU.Build.0 = Debug|Any CPU
		{B1362C18-7312-4042-9990-38D3413EF8DC}.Debug|iPhone.ActiveCfg = Debug|Any CPU
		{B1362C18-7312-4042-9990-38D3413EF8DC}.Debug|iPhone.Build.0 = Debug|Any CPU
		{B1362C18-7312-4042-9990-38D3413EF8DC}.Debug|iPhoneSimulator.ActiveCfg = Debug|Any CPU
		{B1362C18-7312-4042-9990-38D3413EF8DC}.Debug|iPhoneSimulator.Build.0 = Debug|Any CPU
		{B1362C18-7312-4042-9990-38D3413EF8DC}.Release|Any CPU.ActiveCfg = Release|Any CPU
		{B1362C18-7312-4042-9990-38D3413EF8DC}.Release|Any CPU.Build.0 = Release|Any CPU
		{B1362C18-7312-4042-9990-38D3413EF8DC}.Release|iPhone.ActiveCfg = Release|Any CPU
		{B1362C18-7312-4042-9990-38D3413EF8DC}.Release|iPhone.Build.0 = Release|Any CPU
		{B1362C18-7312-4042-9990-38D3413EF8DC}.Release|iPhoneSimulator.ActiveCfg = Release|Any CPU
		{B1362C18-7312-4042-9990-38D3413EF8DC}.Release|iPhoneSimulator.Build.0 = Release|Any CPU
	EndGlobalSection
	GlobalSection(SolutionProperties) = preSolution
		HideSolutionNode = FALSE
	EndGlobalSection
	GlobalSection(ExtensibilityGlobals) = postSolution
		SolutionGuid = {3D1DFB80-9C36-493C-97CC-1C1F770474FC}
	EndGlobalSection
EndGlobal
